// !$*UTF8*$!
{
	archiveVersion = 1;
	classes = {
	};
	objectVersion = 50;
	objects = {

/* Begin PBXBuildFile section */
		12A56BE5E344D79E6BA255FC /* Pods_notificationtestsTests.framework in Frameworks */ = {isa = PBXBuildFile; fileRef = 1159D74230BCBD8269BB63F9 /* Pods_notificationtestsTests.framework */; };
		E32333AB22A554CE003A376A /* TableViewUtils.swift in Sources */ = {isa = PBXBuildFile; fileRef = E32333AA22A554CE003A376A /* TableViewUtils.swift */; };
		E3A8ECB4229EC74300E5CF11 /* AppDelegate.swift in Sources */ = {isa = PBXBuildFile; fileRef = E3A8ECB3229EC74300E5CF11 /* AppDelegate.swift */; };
		E3A8ECB6229EC74300E5CF11 /* ViewController.swift in Sources */ = {isa = PBXBuildFile; fileRef = E3A8ECB5229EC74300E5CF11 /* ViewController.swift */; };
		E3A8ECB9229EC74300E5CF11 /* Main.storyboard in Resources */ = {isa = PBXBuildFile; fileRef = E3A8ECB7229EC74300E5CF11 /* Main.storyboard */; };
		E3A8ECBB229EC74400E5CF11 /* Assets.xcassets in Resources */ = {isa = PBXBuildFile; fileRef = E3A8ECBA229EC74400E5CF11 /* Assets.xcassets */; };
		E3A8ECBE229EC74400E5CF11 /* LaunchScreen.storyboard in Resources */ = {isa = PBXBuildFile; fileRef = E3A8ECBC229EC74400E5CF11 /* LaunchScreen.storyboard */; };
		E3A8ECC9229EC74400E5CF11 /* notificationtestsTests.swift in Sources */ = {isa = PBXBuildFile; fileRef = E3A8ECC8229EC74400E5CF11 /* notificationtestsTests.swift */; };
		E3A8ECD4229EC74400E5CF11 /* notificationtestsUITests.swift in Sources */ = {isa = PBXBuildFile; fileRef = E3A8ECD3229EC74400E5CF11 /* notificationtestsUITests.swift */; };
		E3C673A6229F02F500E90005 /* PDF.swift in Sources */ = {isa = PBXBuildFile; fileRef = E3C673A5229F02F500E90005 /* PDF.swift */; };
		E3C673A8229F0A5E00E90005 /* PDFProvider.swift in Sources */ = {isa = PBXBuildFile; fileRef = E3C673A7229F0A5E00E90005 /* PDFProvider.swift */; };
		E3C673AA229F0D0D00E90005 /* Constants.swift in Sources */ = {isa = PBXBuildFile; fileRef = E3C673A9229F0D0D00E90005 /* Constants.swift */; };
		E3ECDD9F22A00C0C0067364E /* PDFListTableViewController.swift in Sources */ = {isa = PBXBuildFile; fileRef = E3ECDD9E22A00C0C0067364E /* PDFListTableViewController.swift */; };
		E3ECDDA122A00CDA0067364E /* Utils.swift in Sources */ = {isa = PBXBuildFile; fileRef = E3ECDDA022A00CDA0067364E /* Utils.swift */; };
		F504E1A335DDB0F73B90E58F /* Pods_notificationtestsUITests.framework in Frameworks */ = {isa = PBXBuildFile; fileRef = 090F424FF6C96FBFD7A58FF5 /* Pods_notificationtestsUITests.framework */; };
		F5F8F930BC6F6AEA07804C18 /* Pods_notificationtests.framework in Frameworks */ = {isa = PBXBuildFile; fileRef = 93758B7A71D2AA7B96B6525A /* Pods_notificationtests.framework */; };
/* End PBXBuildFile section */

/* Begin PBXContainerItemProxy section */
		E3A8ECC5229EC74400E5CF11 /* PBXContainerItemProxy */ = {
			isa = PBXContainerItemProxy;
			containerPortal = E3A8ECA8229EC74300E5CF11 /* Project object */;
			proxyType = 1;
			remoteGlobalIDString = E3A8ECAF229EC74300E5CF11;
			remoteInfo = notificationtests;
		};
		E3A8ECD0229EC74400E5CF11 /* PBXContainerItemProxy */ = {
			isa = PBXContainerItemProxy;
			containerPortal = E3A8ECA8229EC74300E5CF11 /* Project object */;
			proxyType = 1;
			remoteGlobalIDString = E3A8ECAF229EC74300E5CF11;
			remoteInfo = notificationtests;
		};
/* End PBXContainerItemProxy section */

/* Begin PBXFileReference section */
		090F424FF6C96FBFD7A58FF5 /* Pods_notificationtestsUITests.framework */ = {isa = PBXFileReference; explicitFileType = wrapper.framework; includeInIndex = 0; path = Pods_notificationtestsUITests.framework; sourceTree = BUILT_PRODUCTS_DIR; };
		0D0546293C60E60C55DA7BB8 /* Pods-notificationtestsUITests.debug.xcconfig */ = {isa = PBXFileReference; includeInIndex = 1; lastKnownFileType = text.xcconfig; name = "Pods-notificationtestsUITests.debug.xcconfig"; path = "Pods/Target Support Files/Pods-notificationtestsUITests/Pods-notificationtestsUITests.debug.xcconfig"; sourceTree = "<group>"; };
		1159D74230BCBD8269BB63F9 /* Pods_notificationtestsTests.framework */ = {isa = PBXFileReference; explicitFileType = wrapper.framework; includeInIndex = 0; path = Pods_notificationtestsTests.framework; sourceTree = BUILT_PRODUCTS_DIR; };
		38DB60484B461D1B584DA1E7 /* Pods-notificationtests.release.xcconfig */ = {isa = PBXFileReference; includeInIndex = 1; lastKnownFileType = text.xcconfig; name = "Pods-notificationtests.release.xcconfig"; path = "Pods/Target Support Files/Pods-notificationtests/Pods-notificationtests.release.xcconfig"; sourceTree = "<group>"; };
		5BAFCA5353678CE26DF8A3B2 /* Pods-notificationtestsTests.release.xcconfig */ = {isa = PBXFileReference; includeInIndex = 1; lastKnownFileType = text.xcconfig; name = "Pods-notificationtestsTests.release.xcconfig"; path = "Pods/Target Support Files/Pods-notificationtestsTests/Pods-notificationtestsTests.release.xcconfig"; sourceTree = "<group>"; };
		93758B7A71D2AA7B96B6525A /* Pods_notificationtests.framework */ = {isa = PBXFileReference; explicitFileType = wrapper.framework; includeInIndex = 0; path = Pods_notificationtests.framework; sourceTree = BUILT_PRODUCTS_DIR; };
		9C9656F98EDA249331F7035D /* Pods-notificationtestsUITests.release.xcconfig */ = {isa = PBXFileReference; includeInIndex = 1; lastKnownFileType = text.xcconfig; name = "Pods-notificationtestsUITests.release.xcconfig"; path = "Pods/Target Support Files/Pods-notificationtestsUITests/Pods-notificationtestsUITests.release.xcconfig"; sourceTree = "<group>"; };
		B75CD18FD03C370E82120727 /* Pods-notificationtestsTests.debug.xcconfig */ = {isa = PBXFileReference; includeInIndex = 1; lastKnownFileType = text.xcconfig; name = "Pods-notificationtestsTests.debug.xcconfig"; path = "Pods/Target Support Files/Pods-notificationtestsTests/Pods-notificationtestsTests.debug.xcconfig"; sourceTree = "<group>"; };
		DD0292289EEBECF869AD0F17 /* Pods-notificationtests.debug.xcconfig */ = {isa = PBXFileReference; includeInIndex = 1; lastKnownFileType = text.xcconfig; name = "Pods-notificationtests.debug.xcconfig"; path = "Pods/Target Support Files/Pods-notificationtests/Pods-notificationtests.debug.xcconfig"; sourceTree = "<group>"; };
		E32333AA22A554CE003A376A /* TableViewUtils.swift */ = {isa = PBXFileReference; lastKnownFileType = sourcecode.swift; path = TableViewUtils.swift; sourceTree = "<group>"; };
		E3A8ECB0229EC74300E5CF11 /* notificationtests.app */ = {isa = PBXFileReference; explicitFileType = wrapper.application; includeInIndex = 0; path = notificationtests.app; sourceTree = BUILT_PRODUCTS_DIR; };
		E3A8ECB3229EC74300E5CF11 /* AppDelegate.swift */ = {isa = PBXFileReference; lastKnownFileType = sourcecode.swift; path = AppDelegate.swift; sourceTree = "<group>"; };
		E3A8ECB5229EC74300E5CF11 /* ViewController.swift */ = {isa = PBXFileReference; lastKnownFileType = sourcecode.swift; path = ViewController.swift; sourceTree = "<group>"; };
		E3A8ECB8229EC74300E5CF11 /* Base */ = {isa = PBXFileReference; lastKnownFileType = file.storyboard; name = Base; path = Base.lproj/Main.storyboard; sourceTree = "<group>"; };
		E3A8ECBA229EC74400E5CF11 /* Assets.xcassets */ = {isa = PBXFileReference; lastKnownFileType = folder.assetcatalog; path = Assets.xcassets; sourceTree = "<group>"; };
		E3A8ECBD229EC74400E5CF11 /* Base */ = {isa = PBXFileReference; lastKnownFileType = file.storyboard; name = Base; path = Base.lproj/LaunchScreen.storyboard; sourceTree = "<group>"; };
		E3A8ECBF229EC74400E5CF11 /* Info.plist */ = {isa = PBXFileReference; lastKnownFileType = text.plist.xml; path = Info.plist; sourceTree = "<group>"; };
		E3A8ECC4229EC74400E5CF11 /* notificationtestsTests.xctest */ = {isa = PBXFileReference; explicitFileType = wrapper.cfbundle; includeInIndex = 0; path = notificationtestsTests.xctest; sourceTree = BUILT_PRODUCTS_DIR; };
		E3A8ECC8229EC74400E5CF11 /* notificationtestsTests.swift */ = {isa = PBXFileReference; lastKnownFileType = sourcecode.swift; path = notificationtestsTests.swift; sourceTree = "<group>"; };
		E3A8ECCA229EC74400E5CF11 /* Info.plist */ = {isa = PBXFileReference; lastKnownFileType = text.plist.xml; path = Info.plist; sourceTree = "<group>"; };
		E3A8ECCF229EC74400E5CF11 /* notificationtestsUITests.xctest */ = {isa = PBXFileReference; explicitFileType = wrapper.cfbundle; includeInIndex = 0; path = notificationtestsUITests.xctest; sourceTree = BUILT_PRODUCTS_DIR; };
		E3A8ECD3229EC74400E5CF11 /* notificationtestsUITests.swift */ = {isa = PBXFileReference; lastKnownFileType = sourcecode.swift; path = notificationtestsUITests.swift; sourceTree = "<group>"; };
		E3A8ECD5229EC74400E5CF11 /* Info.plist */ = {isa = PBXFileReference; lastKnownFileType = text.plist.xml; path = Info.plist; sourceTree = "<group>"; };
		E3C673A5229F02F500E90005 /* PDF.swift */ = {isa = PBXFileReference; lastKnownFileType = sourcecode.swift; path = PDF.swift; sourceTree = "<group>"; };
		E3C673A7229F0A5E00E90005 /* PDFProvider.swift */ = {isa = PBXFileReference; lastKnownFileType = sourcecode.swift; path = PDFProvider.swift; sourceTree = "<group>"; };
		E3C673A9229F0D0D00E90005 /* Constants.swift */ = {isa = PBXFileReference; lastKnownFileType = sourcecode.swift; path = Constants.swift; sourceTree = "<group>"; };
		E3ECDD9E22A00C0C0067364E /* PDFListTableViewController.swift */ = {isa = PBXFileReference; lastKnownFileType = sourcecode.swift; path = PDFListTableViewController.swift; sourceTree = "<group>"; };
		E3ECDDA022A00CDA0067364E /* Utils.swift */ = {isa = PBXFileReference; lastKnownFileType = sourcecode.swift; path = Utils.swift; sourceTree = "<group>"; };
/* End PBXFileReference section */

/* Begin PBXFrameworksBuildPhase section */
		E3A8ECAD229EC74300E5CF11 /* Frameworks */ = {
			isa = PBXFrameworksBuildPhase;
			buildActionMask = 2147483647;
			files = (
				F5F8F930BC6F6AEA07804C18 /* Pods_notificationtests.framework in Frameworks */,
			);
			runOnlyForDeploymentPostprocessing = 0;
		};
		E3A8ECC1229EC74400E5CF11 /* Frameworks */ = {
			isa = PBXFrameworksBuildPhase;
			buildActionMask = 2147483647;
			files = (
				12A56BE5E344D79E6BA255FC /* Pods_notificationtestsTests.framework in Frameworks */,
			);
			runOnlyForDeploymentPostprocessing = 0;
		};
		E3A8ECCC229EC74400E5CF11 /* Frameworks */ = {
			isa = PBXFrameworksBuildPhase;
			buildActionMask = 2147483647;
			files = (
				F504E1A335DDB0F73B90E58F /* Pods_notificationtestsUITests.framework in Frameworks */,
			);
			runOnlyForDeploymentPostprocessing = 0;
		};
/* End PBXFrameworksBuildPhase section */

/* Begin PBXGroup section */
		54161089BFC303BB312839C7 /* Pods */ = {
			isa = PBXGroup;
			children = (
				DD0292289EEBECF869AD0F17 /* Pods-notificationtests.debug.xcconfig */,
				38DB60484B461D1B584DA1E7 /* Pods-notificationtests.release.xcconfig */,
				B75CD18FD03C370E82120727 /* Pods-notificationtestsTests.debug.xcconfig */,
				5BAFCA5353678CE26DF8A3B2 /* Pods-notificationtestsTests.release.xcconfig */,
				0D0546293C60E60C55DA7BB8 /* Pods-notificationtestsUITests.debug.xcconfig */,
				9C9656F98EDA249331F7035D /* Pods-notificationtestsUITests.release.xcconfig */,
			);
			name = Pods;
			sourceTree = "<group>";
		};
		E3A8ECA7229EC74300E5CF11 = {
			isa = PBXGroup;
			children = (
				E3A8ECB2229EC74300E5CF11 /* notificationtests */,
				E3A8ECC7229EC74400E5CF11 /* notificationtestsTests */,
				E3A8ECD2229EC74400E5CF11 /* notificationtestsUITests */,
				E3A8ECB1229EC74300E5CF11 /* Products */,
				54161089BFC303BB312839C7 /* Pods */,
				FCB829AF4D2998E8C9F0AB7F /* Frameworks */,
			);
			sourceTree = "<group>";
		};
		E3A8ECB1229EC74300E5CF11 /* Products */ = {
			isa = PBXGroup;
			children = (
				E3A8ECB0229EC74300E5CF11 /* notificationtests.app */,
				E3A8ECC4229EC74400E5CF11 /* notificationtestsTests.xctest */,
				E3A8ECCF229EC74400E5CF11 /* notificationtestsUITests.xctest */,
			);
			name = Products;
			sourceTree = "<group>";
		};
		E3A8ECB2229EC74300E5CF11 /* notificationtests */ = {
			isa = PBXGroup;
			children = (
				E3A8ECBF229EC74400E5CF11 /* Info.plist */,
				E3A8ECB3229EC74300E5CF11 /* AppDelegate.swift */,
				E3C673A9229F0D0D00E90005 /* Constants.swift */,
				E3A8ECB5229EC74300E5CF11 /* ViewController.swift */,
				E3A8ECBA229EC74400E5CF11 /* Assets.xcassets */,
				E3A8ECBC229EC74400E5CF11 /* LaunchScreen.storyboard */,
				E3A8ECB7229EC74300E5CF11 /* Main.storyboard */,
				E3ECDD9C22A009D40067364E /* Model */,
				E3ECDD9D22A009E80067364E /* Providers */,
				E3ECDD9E22A00C0C0067364E /* PDFListTableViewController.swift */,
				E3ECDDA022A00CDA0067364E /* Utils.swift */,
				E32333AA22A554CE003A376A /* TableViewUtils.swift */,
			);
			path = notificationtests;
			sourceTree = "<group>";
		};
		E3A8ECC7229EC74400E5CF11 /* notificationtestsTests */ = {
			isa = PBXGroup;
			children = (
				E3A8ECC8229EC74400E5CF11 /* notificationtestsTests.swift */,
				E3A8ECCA229EC74400E5CF11 /* Info.plist */,
			);
			path = notificationtestsTests;
			sourceTree = "<group>";
		};
		E3A8ECD2229EC74400E5CF11 /* notificationtestsUITests */ = {
			isa = PBXGroup;
			children = (
				E3A8ECD3229EC74400E5CF11 /* notificationtestsUITests.swift */,
				E3A8ECD5229EC74400E5CF11 /* Info.plist */,
			);
			path = notificationtestsUITests;
			sourceTree = "<group>";
		};
		E3ECDD9C22A009D40067364E /* Model */ = {
			isa = PBXGroup;
			children = (
				E3C673A5229F02F500E90005 /* PDF.swift */,
			);
			path = Model;
			sourceTree = "<group>";
		};
		E3ECDD9D22A009E80067364E /* Providers */ = {
			isa = PBXGroup;
			children = (
				E3C673A7229F0A5E00E90005 /* PDFProvider.swift */,
			);
			path = Providers;
			sourceTree = "<group>";
		};
		FCB829AF4D2998E8C9F0AB7F /* Frameworks */ = {
			isa = PBXGroup;
			children = (
				93758B7A71D2AA7B96B6525A /* Pods_notificationtests.framework */,
				1159D74230BCBD8269BB63F9 /* Pods_notificationtestsTests.framework */,
				090F424FF6C96FBFD7A58FF5 /* Pods_notificationtestsUITests.framework */,
			);
			name = Frameworks;
			sourceTree = "<group>";
		};
/* End PBXGroup section */

/* Begin PBXNativeTarget section */
		E3A8ECAF229EC74300E5CF11 /* notificationtests */ = {
			isa = PBXNativeTarget;
			buildConfigurationList = E3A8ECD8229EC74400E5CF11 /* Build configuration list for PBXNativeTarget "notificationtests" */;
			buildPhases = (
				EAC12F372FFB2AD48F58DE89 /* [CP] Check Pods Manifest.lock */,
				E3A8ECAC229EC74300E5CF11 /* Sources */,
				E3A8ECAD229EC74300E5CF11 /* Frameworks */,
				E3A8ECAE229EC74300E5CF11 /* Resources */,
				6C634F4CB84FCF631ED09E82 /* [CP] Embed Pods Frameworks */,
			);
			buildRules = (
			);
			dependencies = (
			);
			name = notificationtests;
			productName = notificationtests;
			productReference = E3A8ECB0229EC74300E5CF11 /* notificationtests.app */;
			productType = "com.apple.product-type.application";
		};
		E3A8ECC3229EC74400E5CF11 /* notificationtestsTests */ = {
			isa = PBXNativeTarget;
			buildConfigurationList = E3A8ECDB229EC74400E5CF11 /* Build configuration list for PBXNativeTarget "notificationtestsTests" */;
			buildPhases = (
				CE5B71DAE8037DCCCE6D7966 /* [CP] Check Pods Manifest.lock */,
				E3A8ECC0229EC74400E5CF11 /* Sources */,
				E3A8ECC1229EC74400E5CF11 /* Frameworks */,
				E3A8ECC2229EC74400E5CF11 /* Resources */,
			);
			buildRules = (
			);
			dependencies = (
				E3A8ECC6229EC74400E5CF11 /* PBXTargetDependency */,
			);
			name = notificationtestsTests;
			productName = notificationtestsTests;
			productReference = E3A8ECC4229EC74400E5CF11 /* notificationtestsTests.xctest */;
			productType = "com.apple.product-type.bundle.unit-test";
		};
		E3A8ECCE229EC74400E5CF11 /* notificationtestsUITests */ = {
			isa = PBXNativeTarget;
			buildConfigurationList = E3A8ECDE229EC74400E5CF11 /* Build configuration list for PBXNativeTarget "notificationtestsUITests" */;
			buildPhases = (
				7C3544F9239458B420B0697B /* [CP] Check Pods Manifest.lock */,
				E3A8ECCB229EC74400E5CF11 /* Sources */,
				E3A8ECCC229EC74400E5CF11 /* Frameworks */,
				E3A8ECCD229EC74400E5CF11 /* Resources */,
			);
			buildRules = (
			);
			dependencies = (
				E3A8ECD1229EC74400E5CF11 /* PBXTargetDependency */,
			);
			name = notificationtestsUITests;
			productName = notificationtestsUITests;
			productReference = E3A8ECCF229EC74400E5CF11 /* notificationtestsUITests.xctest */;
			productType = "com.apple.product-type.bundle.ui-testing";
		};
/* End PBXNativeTarget section */

/* Begin PBXProject section */
		E3A8ECA8229EC74300E5CF11 /* Project object */ = {
			isa = PBXProject;
			attributes = {
				LastSwiftUpdateCheck = 1010;
				LastUpgradeCheck = 1010;
				ORGANIZATIONNAME = "Pedro Nascimento";
				TargetAttributes = {
					E3A8ECAF229EC74300E5CF11 = {
						CreatedOnToolsVersion = 10.1;
					};
					E3A8ECC3229EC74400E5CF11 = {
						CreatedOnToolsVersion = 10.1;
						TestTargetID = E3A8ECAF229EC74300E5CF11;
					};
					E3A8ECCE229EC74400E5CF11 = {
						CreatedOnToolsVersion = 10.1;
						TestTargetID = E3A8ECAF229EC74300E5CF11;
					};
				};
			};
			buildConfigurationList = E3A8ECAB229EC74300E5CF11 /* Build configuration list for PBXProject "notificationtests" */;
			compatibilityVersion = "Xcode 9.3";
			developmentRegion = en;
			hasScannedForEncodings = 0;
			knownRegions = (
				en,
				Base,
			);
			mainGroup = E3A8ECA7229EC74300E5CF11;
			productRefGroup = E3A8ECB1229EC74300E5CF11 /* Products */;
			projectDirPath = "";
			projectRoot = "";
			targets = (
				E3A8ECAF229EC74300E5CF11 /* notificationtests */,
				E3A8ECC3229EC74400E5CF11 /* notificationtestsTests */,
				E3A8ECCE229EC74400E5CF11 /* notificationtestsUITests */,
			);
		};
/* End PBXProject section */

/* Begin PBXResourcesBuildPhase section */
		E3A8ECAE229EC74300E5CF11 /* Resources */ = {
			isa = PBXResourcesBuildPhase;
			buildActionMask = 2147483647;
			files = (
				E3A8ECBE229EC74400E5CF11 /* LaunchScreen.storyboard in Resources */,
				E3A8ECBB229EC74400E5CF11 /* Assets.xcassets in Resources */,
				E3A8ECB9229EC74300E5CF11 /* Main.storyboard in Resources */,
			);
			runOnlyForDeploymentPostprocessing = 0;
		};
		E3A8ECC2229EC74400E5CF11 /* Resources */ = {
			isa = PBXResourcesBuildPhase;
			buildActionMask = 2147483647;
			files = (
			);
			runOnlyForDeploymentPostprocessing = 0;
		};
		E3A8ECCD229EC74400E5CF11 /* Resources */ = {
			isa = PBXResourcesBuildPhase;
			buildActionMask = 2147483647;
			files = (
			);
			runOnlyForDeploymentPostprocessing = 0;
		};
/* End PBXResourcesBuildPhase section */

/* Begin PBXShellScriptBuildPhase section */
		6C634F4CB84FCF631ED09E82 /* [CP] Embed Pods Frameworks */ = {
			isa = PBXShellScriptBuildPhase;
			buildActionMask = 2147483647;
			files = (
			);
			inputFileListPaths = (
			);
			inputPaths = (
				"${SRCROOT}/Pods/Target Support Files/Pods-notificationtests/Pods-notificationtests-frameworks.sh",
				"${BUILT_PRODUCTS_DIR}/Alamofire/Alamofire.framework",
				"${BUILT_PRODUCTS_DIR}/AlamofireObjectMapper/AlamofireObjectMapper.framework",
				"${BUILT_PRODUCTS_DIR}/ObjectMapper/ObjectMapper.framework",
			);
			name = "[CP] Embed Pods Frameworks";
			outputFileListPaths = (
			);
			outputPaths = (
				"${TARGET_BUILD_DIR}/${FRAMEWORKS_FOLDER_PATH}/Alamofire.framework",
				"${TARGET_BUILD_DIR}/${FRAMEWORKS_FOLDER_PATH}/AlamofireObjectMapper.framework",
				"${TARGET_BUILD_DIR}/${FRAMEWORKS_FOLDER_PATH}/ObjectMapper.framework",
			);
			runOnlyForDeploymentPostprocessing = 0;
			shellPath = /bin/sh;
			shellScript = "\"${SRCROOT}/Pods/Target Support Files/Pods-notificationtests/Pods-notificationtests-frameworks.sh\"\n";
			showEnvVarsInLog = 0;
		};
		7C3544F9239458B420B0697B /* [CP] Check Pods Manifest.lock */ = {
			isa = PBXShellScriptBuildPhase;
			buildActionMask = 2147483647;
			files = (
			);
			inputFileListPaths = (
			);
			inputPaths = (
				"${PODS_PODFILE_DIR_PATH}/Podfile.lock",
				"${PODS_ROOT}/Manifest.lock",
			);
			name = "[CP] Check Pods Manifest.lock";
			outputFileListPaths = (
			);
			outputPaths = (
				"$(DERIVED_FILE_DIR)/Pods-notificationtestsUITests-checkManifestLockResult.txt",
			);
			runOnlyForDeploymentPostprocessing = 0;
			shellPath = /bin/sh;
			shellScript = "diff \"${PODS_PODFILE_DIR_PATH}/Podfile.lock\" \"${PODS_ROOT}/Manifest.lock\" > /dev/null\nif [ $? != 0 ] ; then\n    # print error to STDERR\n    echo \"error: The sandbox is not in sync with the Podfile.lock. Run 'pod install' or update your CocoaPods installation.\" >&2\n    exit 1\nfi\n# This output is used by Xcode 'outputs' to avoid re-running this script phase.\necho \"SUCCESS\" > \"${SCRIPT_OUTPUT_FILE_0}\"\n";
			showEnvVarsInLog = 0;
		};
		CE5B71DAE8037DCCCE6D7966 /* [CP] Check Pods Manifest.lock */ = {
			isa = PBXShellScriptBuildPhase;
			buildActionMask = 2147483647;
			files = (
			);
			inputFileListPaths = (
			);
			inputPaths = (
				"${PODS_PODFILE_DIR_PATH}/Podfile.lock",
				"${PODS_ROOT}/Manifest.lock",
			);
			name = "[CP] Check Pods Manifest.lock";
			outputFileListPaths = (
			);
			outputPaths = (
				"$(DERIVED_FILE_DIR)/Pods-notificationtestsTests-checkManifestLockResult.txt",
			);
			runOnlyForDeploymentPostprocessing = 0;
			shellPath = /bin/sh;
			shellScript = "diff \"${PODS_PODFILE_DIR_PATH}/Podfile.lock\" \"${PODS_ROOT}/Manifest.lock\" > /dev/null\nif [ $? != 0 ] ; then\n    # print error to STDERR\n    echo \"error: The sandbox is not in sync with the Podfile.lock. Run 'pod install' or update your CocoaPods installation.\" >&2\n    exit 1\nfi\n# This output is used by Xcode 'outputs' to avoid re-running this script phase.\necho \"SUCCESS\" > \"${SCRIPT_OUTPUT_FILE_0}\"\n";
			showEnvVarsInLog = 0;
		};
		EAC12F372FFB2AD48F58DE89 /* [CP] Check Pods Manifest.lock */ = {
			isa = PBXShellScriptBuildPhase;
			buildActionMask = 2147483647;
			files = (
			);
			inputFileListPaths = (
			);
			inputPaths = (
				"${PODS_PODFILE_DIR_PATH}/Podfile.lock",
				"${PODS_ROOT}/Manifest.lock",
			);
			name = "[CP] Check Pods Manifest.lock";
			outputFileListPaths = (
			);
			outputPaths = (
				"$(DERIVED_FILE_DIR)/Pods-notificationtests-checkManifestLockResult.txt",
			);
			runOnlyForDeploymentPostprocessing = 0;
			shellPath = /bin/sh;
			shellScript = "diff \"${PODS_PODFILE_DIR_PATH}/Podfile.lock\" \"${PODS_ROOT}/Manifest.lock\" > /dev/null\nif [ $? != 0 ] ; then\n    # print error to STDERR\n    echo \"error: The sandbox is not in sync with the Podfile.lock. Run 'pod install' or update your CocoaPods installation.\" >&2\n    exit 1\nfi\n# This output is used by Xcode 'outputs' to avoid re-running this script phase.\necho \"SUCCESS\" > \"${SCRIPT_OUTPUT_FILE_0}\"\n";
			showEnvVarsInLog = 0;
		};
/* End PBXShellScriptBuildPhase section */

/* Begin PBXSourcesBuildPhase section */
		E3A8ECAC229EC74300E5CF11 /* Sources */ = {
			isa = PBXSourcesBuildPhase;
			buildActionMask = 2147483647;
			files = (
				E3C673AA229F0D0D00E90005 /* Constants.swift in Sources */,
				E3A8ECB6229EC74300E5CF11 /* ViewController.swift in Sources */,
				E3ECDD9F22A00C0C0067364E /* PDFListTableViewController.swift in Sources */,
				E32333AB22A554CE003A376A /* TableViewUtils.swift in Sources */,
				E3ECDDA122A00CDA0067364E /* Utils.swift in Sources */,
				E3C673A8229F0A5E00E90005 /* PDFProvider.swift in Sources */,
				E3C673A6229F02F500E90005 /* PDF.swift in Sources */,
				E3A8ECB4229EC74300E5CF11 /* AppDelegate.swift in Sources */,
			);
			runOnlyForDeploymentPostprocessing = 0;
		};
		E3A8ECC0229EC74400E5CF11 /* Sources */ = {
			isa = PBXSourcesBuildPhase;
			buildActionMask = 2147483647;
			files = (
				E3A8ECC9229EC74400E5CF11 /* notificationtestsTests.swift in Sources */,
			);
			runOnlyForDeploymentPostprocessing = 0;
		};
		E3A8ECCB229EC74400E5CF11 /* Sources */ = {
			isa = PBXSourcesBuildPhase;
			buildActionMask = 2147483647;
			files = (
				E3A8ECD4229EC74400E5CF11 /* notificationtestsUITests.swift in Sources */,
			);
			runOnlyForDeploymentPostprocessing = 0;
		};
/* End PBXSourcesBuildPhase section */

/* Begin PBXTargetDependency section */
		E3A8ECC6229EC74400E5CF11 /* PBXTargetDependency */ = {
			isa = PBXTargetDependency;
			target = E3A8ECAF229EC74300E5CF11 /* notificationtests */;
			targetProxy = E3A8ECC5229EC74400E5CF11 /* PBXContainerItemProxy */;
		};
		E3A8ECD1229EC74400E5CF11 /* PBXTargetDependency */ = {
			isa = PBXTargetDependency;
			target = E3A8ECAF229EC74300E5CF11 /* notificationtests */;
			targetProxy = E3A8ECD0229EC74400E5CF11 /* PBXContainerItemProxy */;
		};
/* End PBXTargetDependency section */

/* Begin PBXVariantGroup section */
		E3A8ECB7229EC74300E5CF11 /* Main.storyboard */ = {
			isa = PBXVariantGroup;
			children = (
				E3A8ECB8229EC74300E5CF11 /* Base */,
			);
			name = Main.storyboard;
			sourceTree = "<group>";
		};
		E3A8ECBC229EC74400E5CF11 /* LaunchScreen.storyboard */ = {
			isa = PBXVariantGroup;
			children = (
				E3A8ECBD229EC74400E5CF11 /* Base */,
			);
			name = LaunchScreen.storyboard;
			sourceTree = "<group>";
		};
/* End PBXVariantGroup section */

/* Begin XCBuildConfiguration section */
		E3A8ECD6229EC74400E5CF11 /* Debug */ = {
			isa = XCBuildConfiguration;
			buildSettings = {
				ALWAYS_SEARCH_USER_PATHS = NO;
				CLANG_ANALYZER_NONNULL = YES;
				CLANG_ANALYZER_NUMBER_OBJECT_CONVERSION = YES_AGGRESSIVE;
				CLANG_CXX_LANGUAGE_STANDARD = "gnu++14";
				CLANG_CXX_LIBRARY = "libc++";
				CLANG_ENABLE_MODULES = YES;
				CLANG_ENABLE_OBJC_ARC = YES;
				CLANG_ENABLE_OBJC_WEAK = YES;
				CLANG_WARN_BLOCK_CAPTURE_AUTORELEASING = YES;
				CLANG_WARN_BOOL_CONVERSION = YES;
				CLANG_WARN_COMMA = YES;
				CLANG_WARN_CONSTANT_CONVERSION = YES;
				CLANG_WARN_DEPRECATED_OBJC_IMPLEMENTATIONS = YES;
				CLANG_WARN_DIRECT_OBJC_ISA_USAGE = YES_ERROR;
				CLANG_WARN_DOCUMENTATION_COMMENTS = YES;
				CLANG_WARN_EMPTY_BODY = YES;
				CLANG_WARN_ENUM_CONVERSION = YES;
				CLANG_WARN_INFINITE_RECURSION = YES;
				CLANG_WARN_INT_CONVERSION = YES;
				CLANG_WARN_NON_LITERAL_NULL_CONVERSION = YES;
				CLANG_WARN_OBJC_IMPLICIT_RETAIN_SELF = YES;
				CLANG_WARN_OBJC_LITERAL_CONVERSION = YES;
				CLANG_WARN_OBJC_ROOT_CLASS = YES_ERROR;
				CLANG_WARN_RANGE_LOOP_ANALYSIS = YES;
				CLANG_WARN_STRICT_PROTOTYPES = YES;
				CLANG_WARN_SUSPICIOUS_MOVE = YES;
				CLANG_WARN_UNGUARDED_AVAILABILITY = YES_AGGRESSIVE;
				CLANG_WARN_UNREACHABLE_CODE = YES;
				CLANG_WARN__DUPLICATE_METHOD_MATCH = YES;
				CODE_SIGN_IDENTITY = "iPhone Developer";
				COPY_PHASE_STRIP = NO;
				DEBUG_INFORMATION_FORMAT = dwarf;
				ENABLE_STRICT_OBJC_MSGSEND = YES;
				ENABLE_TESTABILITY = YES;
				GCC_C_LANGUAGE_STANDARD = gnu11;
				GCC_DYNAMIC_NO_PIC = NO;
				GCC_NO_COMMON_BLOCKS = YES;
				GCC_OPTIMIZATION_LEVEL = 0;
				GCC_PREPROCESSOR_DEFINITIONS = (
					"DEBUG=1",
					"$(inherited)",
				);
				GCC_WARN_64_TO_32_BIT_CONVERSION = YES;
				GCC_WARN_ABOUT_RETURN_TYPE = YES_ERROR;
				GCC_WARN_UNDECLARED_SELECTOR = YES;
				GCC_WARN_UNINITIALIZED_AUTOS = YES_AGGRESSIVE;
				GCC_WARN_UNUSED_FUNCTION = YES;
				GCC_WARN_UNUSED_VARIABLE = YES;
				IPHONEOS_DEPLOYMENT_TARGET = 12.1;
				MTL_ENABLE_DEBUG_INFO = INCLUDE_SOURCE;
				MTL_FAST_MATH = YES;
				ONLY_ACTIVE_ARCH = YES;
				SDKROOT = iphoneos;
				SWIFT_ACTIVE_COMPILATION_CONDITIONS = DEBUG;
				SWIFT_OPTIMIZATION_LEVEL = "-Onone";
			};
			name = Debug;
		};
		E3A8ECD7229EC74400E5CF11 /* Release */ = {
			isa = XCBuildConfiguration;
			buildSettings = {
				ALWAYS_SEARCH_USER_PATHS = NO;
				CLANG_ANALYZER_NONNULL = YES;
				CLANG_ANALYZER_NUMBER_OBJECT_CONVERSION = YES_AGGRESSIVE;
				CLANG_CXX_LANGUAGE_STANDARD = "gnu++14";
				CLANG_CXX_LIBRARY = "libc++";
				CLANG_ENABLE_MODULES = YES;
				CLANG_ENABLE_OBJC_ARC = YES;
				CLANG_ENABLE_OBJC_WEAK = YES;
				CLANG_WARN_BLOCK_CAPTURE_AUTORELEASING = YES;
				CLANG_WARN_BOOL_CONVERSION = YES;
				CLANG_WARN_COMMA = YES;
				CLANG_WARN_CONSTANT_CONVERSION = YES;
				CLANG_WARN_DEPRECATED_OBJC_IMPLEMENTATIONS = YES;
				CLANG_WARN_DIRECT_OBJC_ISA_USAGE = YES_ERROR;
				CLANG_WARN_DOCUMENTATION_COMMENTS = YES;
				CLANG_WARN_EMPTY_BODY = YES;
				CLANG_WARN_ENUM_CONVERSION = YES;
				CLANG_WARN_INFINITE_RECURSION = YES;
				CLANG_WARN_INT_CONVERSION = YES;
				CLANG_WARN_NON_LITERAL_NULL_CONVERSION = YES;
				CLANG_WARN_OBJC_IMPLICIT_RETAIN_SELF = YES;
				CLANG_WARN_OBJC_LITERAL_CONVERSION = YES;
				CLANG_WARN_OBJC_ROOT_CLASS = YES_ERROR;
				CLANG_WARN_RANGE_LOOP_ANALYSIS = YES;
				CLANG_WARN_STRICT_PROTOTYPES = YES;
				CLANG_WARN_SUSPICIOUS_MOVE = YES;
				CLANG_WARN_UNGUARDED_AVAILABILITY = YES_AGGRESSIVE;
				CLANG_WARN_UNREACHABLE_CODE = YES;
				CLANG_WARN__DUPLICATE_METHOD_MATCH = YES;
				CODE_SIGN_IDENTITY = "iPhone Developer";
				COPY_PHASE_STRIP = NO;
				DEBUG_INFORMATION_FORMAT = "dwarf-with-dsym";
				ENABLE_NS_ASSERTIONS = NO;
				ENABLE_STRICT_OBJC_MSGSEND = YES;
				GCC_C_LANGUAGE_STANDARD = gnu11;
				GCC_NO_COMMON_BLOCKS = YES;
				GCC_WARN_64_TO_32_BIT_CONVERSION = YES;
				GCC_WARN_ABOUT_RETURN_TYPE = YES_ERROR;
				GCC_WARN_UNDECLARED_SELECTOR = YES;
				GCC_WARN_UNINITIALIZED_AUTOS = YES_AGGRESSIVE;
				GCC_WARN_UNUSED_FUNCTION = YES;
				GCC_WARN_UNUSED_VARIABLE = YES;
				IPHONEOS_DEPLOYMENT_TARGET = 12.1;
				MTL_ENABLE_DEBUG_INFO = NO;
				MTL_FAST_MATH = YES;
				SDKROOT = iphoneos;
				SWIFT_COMPILATION_MODE = wholemodule;
				SWIFT_OPTIMIZATION_LEVEL = "-O";
				VALIDATE_PRODUCT = YES;
			};
			name = Release;
		};
		E3A8ECD9229EC74400E5CF11 /* Debug */ = {
			isa = XCBuildConfiguration;
			baseConfigurationReference = DD0292289EEBECF869AD0F17 /* Pods-notificationtests.debug.xcconfig */;
			buildSettings = {
				ASSETCATALOG_COMPILER_APPICON_NAME = AppIcon;
				CODE_SIGN_STYLE = Automatic;
				INFOPLIST_FILE = notificationtests/Info.plist;
				LD_RUNPATH_SEARCH_PATHS = (
					"$(inherited)",
					"@executable_path/Frameworks",
				);
				PRODUCT_BUNDLE_IDENTIFIER = io.pedrovcn.notificationtests;
				PRODUCT_NAME = "$(TARGET_NAME)";
				SWIFT_VERSION = 4.2;
				TARGETED_DEVICE_FAMILY = "1,2";
			};
			name = Debug;
		};
		E3A8ECDA229EC74400E5CF11 /* Release */ = {
			isa = XCBuildConfiguration;
			baseConfigurationReference = 38DB60484B461D1B584DA1E7 /* Pods-notificationtests.release.xcconfig */;
			buildSettings = {
				ASSETCATALOG_COMPILER_APPICON_NAME = AppIcon;
				CODE_SIGN_STYLE = Automatic;
				INFOPLIST_FILE = notificationtests/Info.plist;
				LD_RUNPATH_SEARCH_PATHS = (
					"$(inherited)",
					"@executable_path/Frameworks",
				);
				PRODUCT_BUNDLE_IDENTIFIER = io.pedrovcn.notificationtests;
				PRODUCT_NAME = "$(TARGET_NAME)";
				SWIFT_VERSION = 4.2;
				TARGETED_DEVICE_FAMILY = "1,2";
			};
			name = Release;
		};
		E3A8ECDC229EC74400E5CF11 /* Debug */ = {
			isa = XCBuildConfiguration;
			baseConfigurationReference = B75CD18FD03C370E82120727 /* Pods-notificationtestsTests.debug.xcconfig */;
			buildSettings = {
				ALWAYS_EMBED_SWIFT_STANDARD_LIBRARIES = YES;
				BUNDLE_LOADER = "$(TEST_HOST)";
				CODE_SIGN_STYLE = Automatic;
				INFOPLIST_FILE = notificationtestsTests/Info.plist;
				LD_RUNPATH_SEARCH_PATHS = (
					"$(inherited)",
					"@executable_path/Frameworks",
					"@loader_path/Frameworks",
				);
				PRODUCT_BUNDLE_IDENTIFIER = io.pedrovcn.notificationtestsTests;
				PRODUCT_NAME = "$(TARGET_NAME)";
				SWIFT_VERSION = 4.2;
				TARGETED_DEVICE_FAMILY = "1,2";
				TEST_HOST = "$(BUILT_PRODUCTS_DIR)/notificationtests.app/notificationtests";
			};
			name = Debug;
		};
		E3A8ECDD229EC74400E5CF11 /* Release */ = {
			isa = XCBuildConfiguration;
			baseConfigurationReference = 5BAFCA5353678CE26DF8A3B2 /* Pods-notificationtestsTests.release.xcconfig */;
			buildSettings = {
				ALWAYS_EMBED_SWIFT_STANDARD_LIBRARIES = YES;
				BUNDLE_LOADER = "$(TEST_HOST)";
				CODE_SIGN_STYLE = Automatic;
				INFOPLIST_FILE = notificationtestsTests/Info.plist;
				LD_RUNPATH_SEARCH_PATHS = (
					"$(inherited)",
					"@executable_path/Frameworks",
					"@loader_path/Frameworks",
				);
				PRODUCT_BUNDLE_IDENTIFIER = io.pedrovcn.notificationtestsTests;
				PRODUCT_NAME = "$(TARGET_NAME)";
				SWIFT_VERSION = 4.2;
				TARGETED_DEVICE_FAMILY = "1,2";
				TEST_HOST = "$(BUILT_PRODUCTS_DIR)/notificationtests.app/notificationtests";
			};
			name = Release;
		};
		E3A8ECDF229EC74400E5CF11 /* Debug */ = {
			isa = XCBuildConfiguration;
			baseConfigurationReference = 0D0546293C60E60C55DA7BB8 /* Pods-notificationtestsUITests.debug.xcconfig */;
			buildSettings = {
				ALWAYS_EMBED_SWIFT_STANDARD_LIBRARIES = YES;
				CODE_SIGN_STYLE = Automatic;
				INFOPLIST_FILE = notificationtestsUITests/Info.plist;
				LD_RUNPATH_SEARCH_PATHS = (
					"$(inherited)",
					"@executable_path/Frameworks",
					"@loader_path/Frameworks",
				);
				PRODUCT_BUNDLE_IDENTIFIER = io.pedrovcn.notificationtestsUITests;
				PRODUCT_NAME = "$(TARGET_NAME)";
				SWIFT_VERSION = 4.2;
				TARGETED_DEVICE_FAMILY = "1,2";
				TEST_TARGET_NAME = notificationtests;
			};
			name = Debug;
		};
		E3A8ECE0229EC74400E5CF11 /* Release */ = {
			isa = XCBuildConfiguration;
			baseConfigurationReference = 9C9656F98EDA249331F7035D /* Pods-notificationtestsUITests.release.xcconfig */;
			buildSettings = {
				ALWAYS_EMBED_SWIFT_STANDARD_LIBRARIES = YES;
				CODE_SIGN_STYLE = Automatic;
				INFOPLIST_FILE = notificationtestsUITests/Info.plist;
				LD_RUNPATH_SEARCH_PATHS = (
					"$(inherited)",
					"@executable_path/Frameworks",
					"@loader_path/Frameworks",
				);
				PRODUCT_BUNDLE_IDENTIFIER = io.pedrovcn.notificationtestsUITests;
				PRODUCT_NAME = "$(TARGET_NAME)";
				SWIFT_VERSION = 4.2;
				TARGETED_DEVICE_FAMILY = "1,2";
				TEST_TARGET_NAME = notificationtests;
			};
			name = Release;
		};
/* End XCBuildConfiguration section */

/* Begin XCConfigurationList section */
		E3A8ECAB229EC74300E5CF11 /* Build configuration list for PBXProject "notificationtests" */ = {
			isa = XCConfigurationList;
			buildConfigurations = (
				E3A8ECD6229EC74400E5CF11 /* Debug */,
				E3A8ECD7229EC74400E5CF11 /* Release */,
			);
			defaultConfigurationIsVisible = 0;
			defaultConfigurationName = Release;
		};
		E3A8ECD8229EC74400E5CF11 /* Build configuration list for PBXNativeTarget "notificationtests" */ = {
			isa = XCConfigurationList;
			buildConfigurations = (
				E3A8ECD9229EC74400E5CF11 /* Debug */,
				E3A8ECDA229EC74400E5CF11 /* Release */,
			);
			defaultConfigurationIsVisible = 0;
			defaultConfigurationName = Release;
		};
		E3A8ECDB229EC74400E5CF11 /* Build configuration list for PBXNativeTarget "notificationtestsTests" */ = {
			isa = XCConfigurationList;
			buildConfigurations = (
				E3A8ECDC229EC74400E5CF11 /* Debug */,
				E3A8ECDD229EC74400E5CF11 /* Release */,
			);
			defaultConfigurationIsVisible = 0;
			defaultConfigurationName = Release;
		};
		E3A8ECDE229EC74400E5CF11 /* Build configuration list for PBXNativeTarget "notificationtestsUITests" */ = {
			isa = XCConfigurationList;
			buildConfigurations = (
				E3A8ECDF229EC74400E5CF11 /* Debug */,
				E3A8ECE0229EC74400E5CF11 /* Release */,
			);
			defaultConfigurationIsVisible = 0;
			defaultConfigurationName = Release;
		};
/* End XCConfigurationList section */
	};
	rootObject = E3A8ECA8229EC74300E5CF11 /* Project object */;
}
